
Microsoft Visual Studio Solution File, Format Version 12.00
# Visual Studio Version 17
VisualStudioVersion = 17.13.35919.96 d17.13
MinimumVisualStudioVersion = 10.0.40219.1
Project("{FAE04EC0-301F-11D3-BF4B-00C04F79EFBC}") = "MediConnectwithAuthentication", "MediConnectwithAuthentication.csproj", "{764AF153-4CC6-4FC1-BB8E-5BCDC9AB97F6}"
EndProject
Global
	GlobalSection(SolutionConfigurationPlatforms) = preSolution
		Debug|Any CPU = Debug|Any CPU
		Release|Any CPU = Release|Any CPU
	EndGlobalSection
	GlobalSection(ProjectConfigurationPlatforms) = postSolution
		{764AF153-4CC6-4FC1-BB8E-5BCDC9AB97F6}.Debug|Any CPU.ActiveCfg = Debug|Any CPU
		{764AF153-4CC6-4FC1-BB8E-5BCDC9AB97F6}.Debug|Any CPU.Build.0 = Debug|Any CPU
		{764AF153-4CC6-4FC1-BB8E-5BCDC9AB97F6}.Release|Any CPU.ActiveCfg = Release|Any CPU
		{764AF153-4CC6-4FC1-BB8E-5BCDC9AB97F6}.Release|Any CPU.Build.0 = Release|Any CPU
	EndGlobalSection
	GlobalSection(SolutionProperties) = preSolution
		HideSolutionNode = FALSE
	EndGlobalSection
	GlobalSection(ExtensibilityGlobals) = postSolution
		SolutionGuid = {ADF4C321-88F4-4ED0-8D84-F80D6FF6B1A9}
	EndGlobalSection
EndGlobal
